
Microsoft Visual Studio Solution File, Format Version 12.00
# Visual Studio 15
Project("{FAE04EC0-301F-11D3-BF4B-00C04F79EFBC}") = "KosenMobile", "KosenMobile.csproj", "{153E1E9B-ACBD-4E88-847F-91DA4D0D4A47}"
EndProject
Global
	GlobalSection(SolutionConfigurationPlatforms) = preSolution
		Debug|Any CPU = Debug|Any CPU
		Release|Any CPU = Release|Any CPU
	EndGlobalSection
	GlobalSection(ProjectConfigurationPlatforms) = postSolution
		{153E1E9B-ACBD-4E88-847F-91DA4D0D4A47}.Debug|Any CPU.ActiveCfg = Debug|Any CPU
		{153E1E9B-ACBD-4E88-847F-91DA4D0D4A47}.Debug|Any CPU.Build.0 = Debug|Any CPU
		{153E1E9B-ACBD-4E88-847F-91DA4D0D4A47}.Release|Any CPU.ActiveCfg = Release|Any CPU
		{153E1E9B-ACBD-4E88-847F-91DA4D0D4A47}.Release|Any CPU.Build.0 = Release|Any CPU
	EndGlobalSection
EndGlobal
